
Microsoft Visual Studio Solution File, Format Version 12.00
# Visual Studio 2013
VisualStudioVersion = 12.0.21005.1
MinimumVisualStudioVersion = 10.0.40219.1
Project("{2150E333-8FDC-42A3-9474-1A3956D46DE8}") = "Test", "Test", "{CEE14774-7E59-41EE-81B4-85ABB6584549}"
EndProject
Project("{2150E333-8FDC-42A3-9474-1A3956D46DE8}") = "Infrastructure", "Infrastructure", "{EBD8636C-47AF-44EB-B5FB-CE5717B2A4B3}"
EndProject
Project("{2150E333-8FDC-42A3-9474-1A3956D46DE8}") = "Core", "Core", "{9FC8E1E0-23E5-471D-A0F7-C53EF5C66BFF}"
EndProject
Project("{2150E333-8FDC-42A3-9474-1A3956D46DE8}") = "UI", "UI", "{F44B4B10-4164-416D-BBE9-D1F266C73E7D}"
EndProject
Project("{FAE04EC0-301F-11D3-BF4B-00C04F79EFBC}") = "Chess.Infrastructure.DataAccess", "Chess.Infrastructure.DataAccess\Chess.Infrastructure.DataAccess.csproj", "{85638498-36C8-4116-AE5E-B6D2A069EA8A}"
EndProject
Project("{FAE04EC0-301F-11D3-BF4B-00C04F79EFBC}") = "Chess.Infrastructure.BusinesLogic", "Chess.Infrastructure.BusinesLogic\Chess.Infrastructure.BusinesLogic.csproj", "{E782BAD6-3007-4DEC-A286-0DF4A3A15731}"
EndProject
Project("{FAE04EC0-301F-11D3-BF4B-00C04F79EFBC}") = "Chess.UI.WebUI", "Chess.UI.WebUI\Chess.UI.WebUI.csproj", "{0EC211ED-095D-4CF2-93BD-09675FE9FEFC}"
EndProject
Project("{FAE04EC0-301F-11D3-BF4B-00C04F79EFBC}") = "Chess.Core.AI", "Chess.Core.AI\Chess.Core.AI.csproj", "{E94ED089-692E-411E-943D-2EB3E4304E87}"
EndProject
Project("{FAE04EC0-301F-11D3-BF4B-00C04F79EFBC}") = "Chess.Core.BitBoardGenerators", "Chess.Core.BitBoardGenerators\Chess.Core.BitBoardGenerators.csproj", "{71F04603-9D19-4169-A25E-05C91868E63B}"
EndProject
Project("{FAE04EC0-301F-11D3-BF4B-00C04F79EFBC}") = "Chess.Core.DebutsLib", "Chess.Core.DebutsLib\Chess.Core.DebutsLib.csproj", "{ACD58B44-CEB6-4102-833E-599D99F03013}"
EndProject
Project("{FAE04EC0-301F-11D3-BF4B-00C04F79EFBC}") = "Chess.Core.Main", "Chess.Core.Main\Chess.Core.Main.csproj", "{5E1A8EB0-4749-426D-95A6-50A72CABF9D3}"
EndProject
Project("{FAE04EC0-301F-11D3-BF4B-00C04F79EFBC}") = "Chess.Test.Tester", "Chess.Test.Tester\Chess.Test.Tester.csproj", "{8076869A-CB01-4F52-827C-77DD5234B4C6}"
EndProject
Global
	GlobalSection(SolutionConfigurationPlatforms) = preSolution
		Debug|Any CPU = Debug|Any CPU
		Debug|Mixed Platforms = Debug|Mixed Platforms
		Release|Any CPU = Release|Any CPU
		Release|Mixed Platforms = Release|Mixed Platforms
	EndGlobalSection
	GlobalSection(ProjectConfigurationPlatforms) = postSolution
		{85638498-36C8-4116-AE5E-B6D2A069EA8A}.Debug|Any CPU.ActiveCfg = Debug|Any CPU
		{85638498-36C8-4116-AE5E-B6D2A069EA8A}.Debug|Any CPU.Build.0 = Debug|Any CPU
		{85638498-36C8-4116-AE5E-B6D2A069EA8A}.Debug|Mixed Platforms.ActiveCfg = Debug|Any CPU
		{85638498-36C8-4116-AE5E-B6D2A069EA8A}.Debug|Mixed Platforms.Build.0 = Debug|Any CPU
		{85638498-36C8-4116-AE5E-B6D2A069EA8A}.Release|Any CPU.ActiveCfg = Release|Any CPU
		{85638498-36C8-4116-AE5E-B6D2A069EA8A}.Release|Any CPU.Build.0 = Release|Any CPU
		{85638498-36C8-4116-AE5E-B6D2A069EA8A}.Release|Mixed Platforms.ActiveCfg = Release|Any CPU
		{85638498-36C8-4116-AE5E-B6D2A069EA8A}.Release|Mixed Platforms.Build.0 = Release|Any CPU
		{E782BAD6-3007-4DEC-A286-0DF4A3A15731}.Debug|Any CPU.ActiveCfg = Debug|Any CPU
		{E782BAD6-3007-4DEC-A286-0DF4A3A15731}.Debug|Any CPU.Build.0 = Debug|Any CPU
		{E782BAD6-3007-4DEC-A286-0DF4A3A15731}.Debug|Mixed Platforms.ActiveCfg = Debug|Any CPU
		{E782BAD6-3007-4DEC-A286-0DF4A3A15731}.Debug|Mixed Platforms.Build.0 = Debug|Any CPU
		{E782BAD6-3007-4DEC-A286-0DF4A3A15731}.Release|Any CPU.ActiveCfg = Release|Any CPU
		{E782BAD6-3007-4DEC-A286-0DF4A3A15731}.Release|Any CPU.Build.0 = Release|Any CPU
		{E782BAD6-3007-4DEC-A286-0DF4A3A15731}.Release|Mixed Platforms.ActiveCfg = Release|Any CPU
		{E782BAD6-3007-4DEC-A286-0DF4A3A15731}.Release|Mixed Platforms.Build.0 = Release|Any CPU
		{0EC211ED-095D-4CF2-93BD-09675FE9FEFC}.Debug|Any CPU.ActiveCfg = Debug|Any CPU
		{0EC211ED-095D-4CF2-93BD-09675FE9FEFC}.Debug|Any CPU.Build.0 = Debug|Any CPU
		{0EC211ED-095D-4CF2-93BD-09675FE9FEFC}.Debug|Mixed Platforms.ActiveCfg = Debug|Any CPU
		{0EC211ED-095D-4CF2-93BD-09675FE9FEFC}.Debug|Mixed Platforms.Build.0 = Debug|Any CPU
		{0EC211ED-095D-4CF2-93BD-09675FE9FEFC}.Release|Any CPU.ActiveCfg = Release|Any CPU
		{0EC211ED-095D-4CF2-93BD-09675FE9FEFC}.Release|Any CPU.Build.0 = Release|Any CPU
		{0EC211ED-095D-4CF2-93BD-09675FE9FEFC}.Release|Mixed Platforms.ActiveCfg = Release|Any CPU
		{0EC211ED-095D-4CF2-93BD-09675FE9FEFC}.Release|Mixed Platforms.Build.0 = Release|Any CPU
		{E94ED089-692E-411E-943D-2EB3E4304E87}.Debug|Any CPU.ActiveCfg = Debug|Any CPU
		{E94ED089-692E-411E-943D-2EB3E4304E87}.Debug|Any CPU.Build.0 = Debug|Any CPU
		{E94ED089-692E-411E-943D-2EB3E4304E87}.Debug|Mixed Platforms.ActiveCfg = Debug|Any CPU
		{E94ED089-692E-411E-943D-2EB3E4304E87}.Debug|Mixed Platforms.Build.0 = Debug|Any CPU
		{E94ED089-692E-411E-943D-2EB3E4304E87}.Release|Any CPU.ActiveCfg = Release|Any CPU
		{E94ED089-692E-411E-943D-2EB3E4304E87}.Release|Any CPU.Build.0 = Release|Any CPU
		{E94ED089-692E-411E-943D-2EB3E4304E87}.Release|Mixed Platforms.ActiveCfg = Release|Any CPU
		{E94ED089-692E-411E-943D-2EB3E4304E87}.Release|Mixed Platforms.Build.0 = Release|Any CPU
		{71F04603-9D19-4169-A25E-05C91868E63B}.Debug|Any CPU.ActiveCfg = Debug|Mixed Platforms
		{71F04603-9D19-4169-A25E-05C91868E63B}.Debug|Mixed Platforms.ActiveCfg = Debug|Mixed Platforms
		{71F04603-9D19-4169-A25E-05C91868E63B}.Debug|Mixed Platforms.Build.0 = Debug|Mixed Platforms
		{71F04603-9D19-4169-A25E-05C91868E63B}.Release|Any CPU.ActiveCfg = Release|Mixed Platforms
		{71F04603-9D19-4169-A25E-05C91868E63B}.Release|Mixed Platforms.ActiveCfg = Release|Mixed Platforms
		{71F04603-9D19-4169-A25E-05C91868E63B}.Release|Mixed Platforms.Build.0 = Release|Mixed Platforms
		{ACD58B44-CEB6-4102-833E-599D99F03013}.Debug|Any CPU.ActiveCfg = Debug|Any CPU
		{ACD58B44-CEB6-4102-833E-599D99F03013}.Debug|Any CPU.Build.0 = Debug|Any CPU
		{ACD58B44-CEB6-4102-833E-599D99F03013}.Debug|Mixed Platforms.ActiveCfg = Debug|Any CPU
		{ACD58B44-CEB6-4102-833E-599D99F03013}.Debug|Mixed Platforms.Build.0 = Debug|Any CPU
		{ACD58B44-CEB6-4102-833E-599D99F03013}.Release|Any CPU.ActiveCfg = Release|Any CPU
		{ACD58B44-CEB6-4102-833E-599D99F03013}.Release|Any CPU.Build.0 = Release|Any CPU
		{ACD58B44-CEB6-4102-833E-599D99F03013}.Release|Mixed Platforms.ActiveCfg = Release|Any CPU
		{ACD58B44-CEB6-4102-833E-599D99F03013}.Release|Mixed Platforms.Build.0 = Release|Any CPU
		{5E1A8EB0-4749-426D-95A6-50A72CABF9D3}.Debug|Any CPU.ActiveCfg = Debug|Any CPU
		{5E1A8EB0-4749-426D-95A6-50A72CABF9D3}.Debug|Any CPU.Build.0 = Debug|Any CPU
		{5E1A8EB0-4749-426D-95A6-50A72CABF9D3}.Debug|Mixed Platforms.ActiveCfg = Debug|Any CPU
		{5E1A8EB0-4749-426D-95A6-50A72CABF9D3}.Debug|Mixed Platforms.Build.0 = Debug|Any CPU
		{5E1A8EB0-4749-426D-95A6-50A72CABF9D3}.Release|Any CPU.ActiveCfg = Release|Any CPU
		{5E1A8EB0-4749-426D-95A6-50A72CABF9D3}.Release|Any CPU.Build.0 = Release|Any CPU
		{5E1A8EB0-4749-426D-95A6-50A72CABF9D3}.Release|Mixed Platforms.ActiveCfg = Release|Any CPU
		{5E1A8EB0-4749-426D-95A6-50A72CABF9D3}.Release|Mixed Platforms.Build.0 = Release|Any CPU
		{8076869A-CB01-4F52-827C-77DD5234B4C6}.Debug|Any CPU.ActiveCfg = Debug|Any CPU
		{8076869A-CB01-4F52-827C-77DD5234B4C6}.Debug|Any CPU.Build.0 = Debug|Any CPU
		{8076869A-CB01-4F52-827C-77DD5234B4C6}.Debug|Mixed Platforms.ActiveCfg = Debug|Any CPU
		{8076869A-CB01-4F52-827C-77DD5234B4C6}.Debug|Mixed Platforms.Build.0 = Debug|Any CPU
		{8076869A-CB01-4F52-827C-77DD5234B4C6}.Release|Any CPU.ActiveCfg = Release|Any CPU
		{8076869A-CB01-4F52-827C-77DD5234B4C6}.Release|Any CPU.Build.0 = Release|Any CPU
		{8076869A-CB01-4F52-827C-77DD5234B4C6}.Release|Mixed Platforms.ActiveCfg = Release|Any CPU
		{8076869A-CB01-4F52-827C-77DD5234B4C6}.Release|Mixed Platforms.Build.0 = Release|Any CPU
	EndGlobalSection
	GlobalSection(SolutionProperties) = preSolution
		HideSolutionNode = FALSE
	EndGlobalSection
	GlobalSection(NestedProjects) = preSolution
		{8076869A-CB01-4F52-827C-77DD5234B4C6} = {CEE14774-7E59-41EE-81B4-85ABB6584549}
		{85638498-36C8-4116-AE5E-B6D2A069EA8A} = {EBD8636C-47AF-44EB-B5FB-CE5717B2A4B3}
		{E782BAD6-3007-4DEC-A286-0DF4A3A15731} = {EBD8636C-47AF-44EB-B5FB-CE5717B2A4B3}
		{E94ED089-692E-411E-943D-2EB3E4304E87} = {9FC8E1E0-23E5-471D-A0F7-C53EF5C66BFF}
		{71F04603-9D19-4169-A25E-05C91868E63B} = {9FC8E1E0-23E5-471D-A0F7-C53EF5C66BFF}
		{ACD58B44-CEB6-4102-833E-599D99F03013} = {9FC8E1E0-23E5-471D-A0F7-C53EF5C66BFF}
		{5E1A8EB0-4749-426D-95A6-50A72CABF9D3} = {9FC8E1E0-23E5-471D-A0F7-C53EF5C66BFF}
		{0EC211ED-095D-4CF2-93BD-09675FE9FEFC} = {F44B4B10-4164-416D-BBE9-D1F266C73E7D}
	EndGlobalSection
EndGlobal
